
Microsoft Visual Studio Solution File, Format Version 12.00
# Visual Studio Version 16
VisualStudioVersion = 16.0.29709.97
MinimumVisualStudioVersion = 10.0.40219.1
Project("{FAE04EC0-301F-11D3-BF4B-00C04F79EFBC}") = "KeyVaultReferenceExample", "KeyVaultReferenceExample\KeyVaultReferenceExample.csproj", "{B26DA8F6-F331-49F8-9B99-97A6FA057C9E}"
EndProject
Global
	GlobalSection(SolutionConfigurationPlatforms) = preSolution
		Debug|Any CPU = Debug|Any CPU
		Release|Any CPU = Release|Any CPU
	EndGlobalSection
	GlobalSection(ProjectConfigurationPlatforms) = postSolution
		{B26DA8F6-F331-49F8-9B99-97A6FA057C9E}.Debug|Any CPU.ActiveCfg = Debug|Any CPU
		{B26DA8F6-F331-49F8-9B99-97A6FA057C9E}.Debug|Any CPU.Build.0 = Debug|Any CPU
		{B26DA8F6-F331-49F8-9B99-97A6FA057C9E}.Release|Any CPU.ActiveCfg = Release|Any CPU
		{B26DA8F6-F331-49F8-9B99-97A6FA057C9E}.Release|Any CPU.Build.0 = Release|Any CPU
	EndGlobalSection
	GlobalSection(SolutionProperties) = preSolution
		HideSolutionNode = FALSE
	EndGlobalSection
	GlobalSection(ExtensibilityGlobals) = postSolution
		SolutionGuid = {4692234A-966A-449C-AF0C-4CA448A0745F}
	EndGlobalSection
EndGlobal
